// !$*UTF8*$!
{
	archiveVersion = 1;
	classes = {
	};
	objectVersion = 56;
	objects = {

/* Begin PBXBuildFile section */
		A19AC36728F2AC4000F3EB4A /* TranslatedTextViewController.swift in Sources */ = {isa = PBXBuildFile; fileRef = A19AC36628F2AC4000F3EB4A /* TranslatedTextViewController.swift */; };
		A19AC36B28F4B74D00F3EB4A /* Network Manager.swift in Sources */ = {isa = PBXBuildFile; fileRef = A19AC36A28F4B74D00F3EB4A /* Network Manager.swift */; };
		A1DE4E5828F07CF800F83809 /* AppDelegate.swift in Sources */ = {isa = PBXBuildFile; fileRef = A1DE4E5728F07CF800F83809 /* AppDelegate.swift */; };
		A1DE4E5A28F07CF800F83809 /* SceneDelegate.swift in Sources */ = {isa = PBXBuildFile; fileRef = A1DE4E5928F07CF800F83809 /* SceneDelegate.swift */; };
		A1DE4E5C28F07CF800F83809 /* TabBarViewController.swift in Sources */ = {isa = PBXBuildFile; fileRef = A1DE4E5B28F07CF800F83809 /* TabBarViewController.swift */; };
		A1DE4E6128F07CF800F83809 /* Assets.xcassets in Resources */ = {isa = PBXBuildFile; fileRef = A1DE4E6028F07CF800F83809 /* Assets.xcassets */; };
		A1DE4E6428F07CF800F83809 /* LaunchScreen.storyboard in Resources */ = {isa = PBXBuildFile; fileRef = A1DE4E6228F07CF800F83809 /* LaunchScreen.storyboard */; };
		A1DE4E6C28F0804200F83809 /* Utilities.swift in Sources */ = {isa = PBXBuildFile; fileRef = A1DE4E6B28F0804200F83809 /* Utilities.swift */; };
		A1DE4E6E28F0813E00F83809 /* TextTranslatorViewController.swift in Sources */ = {isa = PBXBuildFile; fileRef = A1DE4E6D28F0813E00F83809 /* TextTranslatorViewController.swift */; };
		A1DE4E7028F0814800F83809 /* AudioTranslatorViewController.swift in Sources */ = {isa = PBXBuildFile; fileRef = A1DE4E6F28F0814800F83809 /* AudioTranslatorViewController.swift */; };
/* End PBXBuildFile section */

/* Begin PBXFileReference section */
		A19AC36628F2AC4000F3EB4A /* TranslatedTextViewController.swift */ = {isa = PBXFileReference; lastKnownFileType = sourcecode.swift; path = TranslatedTextViewController.swift; sourceTree = "<group>"; };
		A19AC36A28F4B74D00F3EB4A /* Network Manager.swift */ = {isa = PBXFileReference; lastKnownFileType = sourcecode.swift; path = "Network Manager.swift"; sourceTree = "<group>"; };
		A1DE4E5428F07CF800F83809 /* Babblr_Translator.app */ = {isa = PBXFileReference; explicitFileType = wrapper.application; includeInIndex = 0; path = Babblr_Translator.app; sourceTree = BUILT_PRODUCTS_DIR; };
		A1DE4E5728F07CF800F83809 /* AppDelegate.swift */ = {isa = PBXFileReference; lastKnownFileType = sourcecode.swift; path = AppDelegate.swift; sourceTree = "<group>"; };
		A1DE4E5928F07CF800F83809 /* SceneDelegate.swift */ = {isa = PBXFileReference; lastKnownFileType = sourcecode.swift; path = SceneDelegate.swift; sourceTree = "<group>"; };
		A1DE4E5B28F07CF800F83809 /* TabBarViewController.swift */ = {isa = PBXFileReference; lastKnownFileType = sourcecode.swift; path = TabBarViewController.swift; sourceTree = "<group>"; };
		A1DE4E6028F07CF800F83809 /* Assets.xcassets */ = {isa = PBXFileReference; lastKnownFileType = folder.assetcatalog; path = Assets.xcassets; sourceTree = "<group>"; };
		A1DE4E6328F07CF800F83809 /* Base */ = {isa = PBXFileReference; lastKnownFileType = file.storyboard; name = Base; path = Base.lproj/LaunchScreen.storyboard; sourceTree = "<group>"; };
		A1DE4E6528F07CF800F83809 /* Info.plist */ = {isa = PBXFileReference; lastKnownFileType = text.plist.xml; path = Info.plist; sourceTree = "<group>"; };
		A1DE4E6B28F0804200F83809 /* Utilities.swift */ = {isa = PBXFileReference; lastKnownFileType = sourcecode.swift; path = Utilities.swift; sourceTree = "<group>"; };
		A1DE4E6D28F0813E00F83809 /* TextTranslatorViewController.swift */ = {isa = PBXFileReference; lastKnownFileType = sourcecode.swift; path = TextTranslatorViewController.swift; sourceTree = "<group>"; };
		A1DE4E6F28F0814800F83809 /* AudioTranslatorViewController.swift */ = {isa = PBXFileReference; lastKnownFileType = sourcecode.swift; path = AudioTranslatorViewController.swift; sourceTree = "<group>"; };
/* End PBXFileReference section */

/* Begin PBXFrameworksBuildPhase section */
		A1DE4E5128F07CF800F83809 /* Frameworks */ = {
			isa = PBXFrameworksBuildPhase;
			buildActionMask = 2147483647;
			files = (
			);
			runOnlyForDeploymentPostprocessing = 0;
		};
/* End PBXFrameworksBuildPhase section */

/* Begin PBXGroup section */
		A19AC36528F2A64100F3EB4A /* View Controllers */ = {
			isa = PBXGroup;
			children = (
				A1DE4E5B28F07CF800F83809 /* TabBarViewController.swift */,
				A19AC36828F2AD3400F3EB4A /* Text Translation View Controllers */,
				A19AC36928F2AD4600F3EB4A /* Audio Translation View Controllers */,
			);
			path = "View Controllers";
			sourceTree = "<group>";
		};
		A19AC36828F2AD3400F3EB4A /* Text Translation View Controllers */ = {
			isa = PBXGroup;
			children = (
				A1DE4E6D28F0813E00F83809 /* TextTranslatorViewController.swift */,
				A19AC36628F2AC4000F3EB4A /* TranslatedTextViewController.swift */,
			);
			path = "Text Translation View Controllers";
			sourceTree = "<group>";
		};
		A19AC36928F2AD4600F3EB4A /* Audio Translation View Controllers */ = {
			isa = PBXGroup;
			children = (
				A1DE4E6F28F0814800F83809 /* AudioTranslatorViewController.swift */,
			);
			path = "Audio Translation View Controllers";
			sourceTree = "<group>";
		};
		A19AC36C28F4B75600F3EB4A /* Helpers */ = {
			isa = PBXGroup;
			children = (
				A1DE4E6B28F0804200F83809 /* Utilities.swift */,
				A19AC36A28F4B74D00F3EB4A /* Network Manager.swift */,
			);
			path = Helpers;
			sourceTree = "<group>";
		};
		A1DE4E4B28F07CF800F83809 = {
			isa = PBXGroup;
			children = (
				A1DE4E5628F07CF800F83809 /* Babblr_Translator */,
				A1DE4E5528F07CF800F83809 /* Products */,
			);
			sourceTree = "<group>";
		};
		A1DE4E5528F07CF800F83809 /* Products */ = {
			isa = PBXGroup;
			children = (
				A1DE4E5428F07CF800F83809 /* Babblr_Translator.app */,
			);
			name = Products;
			sourceTree = "<group>";
		};
		A1DE4E5628F07CF800F83809 /* Babblr_Translator */ = {
			isa = PBXGroup;
			children = (
				A1DE4E5728F07CF800F83809 /* AppDelegate.swift */,
				A1DE4E5928F07CF800F83809 /* SceneDelegate.swift */,
				A19AC36C28F4B75600F3EB4A /* Helpers */,
				A19AC36528F2A64100F3EB4A /* View Controllers */,
				A1DE4E6028F07CF800F83809 /* Assets.xcassets */,
				A1DE4E6228F07CF800F83809 /* LaunchScreen.storyboard */,
				A1DE4E6528F07CF800F83809 /* Info.plist */,
			);
			path = Babblr_Translator;
			sourceTree = "<group>";
		};
/* End PBXGroup section */

/* Begin PBXNativeTarget section */
		A1DE4E5328F07CF800F83809 /* Babblr_Translator */ = {
			isa = PBXNativeTarget;
			buildConfigurationList = A1DE4E6828F07CF800F83809 /* Build configuration list for PBXNativeTarget "Babblr_Translator" */;
			buildPhases = (
				A1DE4E5028F07CF800F83809 /* Sources */,
				A1DE4E5128F07CF800F83809 /* Frameworks */,
				A1DE4E5228F07CF800F83809 /* Resources */,
			);
			buildRules = (
			);
			dependencies = (
			);
			name = Babblr_Translator;
			productName = Babblr_Translator;
			productReference = A1DE4E5428F07CF800F83809 /* Babblr_Translator.app */;
			productType = "com.apple.product-type.application";
		};
/* End PBXNativeTarget section */

/* Begin PBXProject section */
		A1DE4E4C28F07CF800F83809 /* Project object */ = {
			isa = PBXProject;
			attributes = {
				BuildIndependentTargetsInParallel = 1;
				LastSwiftUpdateCheck = 1400;
				LastUpgradeCheck = 1400;
				TargetAttributes = {
					A1DE4E5328F07CF800F83809 = {
						CreatedOnToolsVersion = 14.0.1;
					};
				};
			};
			buildConfigurationList = A1DE4E4F28F07CF800F83809 /* Build configuration list for PBXProject "Babblr_Translator" */;
			compatibilityVersion = "Xcode 14.0";
			developmentRegion = en;
			hasScannedForEncodings = 0;
			knownRegions = (
				en,
				Base,
			);
			mainGroup = A1DE4E4B28F07CF800F83809;
			productRefGroup = A1DE4E5528F07CF800F83809 /* Products */;
			projectDirPath = "";
			projectRoot = "";
			targets = (
				A1DE4E5328F07CF800F83809 /* Babblr_Translator */,
			);
		};
/* End PBXProject section */

/* Begin PBXResourcesBuildPhase section */
		A1DE4E5228F07CF800F83809 /* Resources */ = {
			isa = PBXResourcesBuildPhase;
			buildActionMask = 2147483647;
			files = (
				A1DE4E6428F07CF800F83809 /* LaunchScreen.storyboard in Resources */,
				A1DE4E6128F07CF800F83809 /* Assets.xcassets in Resources */,
			);
			runOnlyForDeploymentPostprocessing = 0;
		};
/* End PBXResourcesBuildPhase section */

/* Begin PBXSourcesBuildPhase section */
		A1DE4E5028F07CF800F83809 /* Sources */ = {
			isa = PBXSourcesBuildPhase;
			buildActionMask = 2147483647;
			files = (
				A1DE4E5C28F07CF800F83809 /* TabBarViewController.swift in Sources */,
				A1DE4E5828F07CF800F83809 /* AppDelegate.swift in Sources */,
				A1DE4E6C28F0804200F83809 /* Utilities.swift in Sources */,
				A19AC36728F2AC4000F3EB4A /* TranslatedTextViewController.swift in Sources */,
				A1DE4E7028F0814800F83809 /* AudioTranslatorViewController.swift in Sources */,
				A19AC36B28F4B74D00F3EB4A /* Network Manager.swift in Sources */,
				A1DE4E5A28F07CF800F83809 /* SceneDelegate.swift in Sources */,
				A1DE4E6E28F0813E00F83809 /* TextTranslatorViewController.swift in Sources */,
			);
			runOnlyForDeploymentPostprocessing = 0;
		};
/* End PBXSourcesBuildPhase section */

/* Begin PBXVariantGroup section */
		A1DE4E6228F07CF800F83809 /* LaunchScreen.storyboard */ = {
			isa = PBXVariantGroup;
			children = (
				A1DE4E6328F07CF800F83809 /* Base */,
			);
			name = LaunchScreen.storyboard;
			sourceTree = "<group>";
		};
/* End PBXVariantGroup section */

/* Begin XCBuildConfiguration section */
		A1DE4E6628F07CF800F83809 /* Debug */ = {
			isa = XCBuildConfiguration;
			buildSettings = {
				ALWAYS_SEARCH_USER_PATHS = NO;
				CLANG_ANALYZER_NONNULL = YES;
				CLANG_ANALYZER_NUMBER_OBJECT_CONVERSION = YES_AGGRESSIVE;
				CLANG_CXX_LANGUAGE_STANDARD = "gnu++20";
				CLANG_ENABLE_MODULES = YES;
				CLANG_ENABLE_OBJC_ARC = YES;
				CLANG_ENABLE_OBJC_WEAK = YES;
				CLANG_WARN_BLOCK_CAPTURE_AUTORELEASING = YES;
				CLANG_WARN_BOOL_CONVERSION = YES;
				CLANG_WARN_COMMA = YES;
				CLANG_WARN_CONSTANT_CONVERSION = YES;
				CLANG_WARN_DEPRECATED_OBJC_IMPLEMENTATIONS = YES;
				CLANG_WARN_DIRECT_OBJC_ISA_USAGE = YES_ERROR;
				CLANG_WARN_DOCUMENTATION_COMMENTS = YES;
				CLANG_WARN_EMPTY_BODY = YES;
				CLANG_WARN_ENUM_CONVERSION = YES;
				CLANG_WARN_INFINITE_RECURSION = YES;
				CLANG_WARN_INT_CONVERSION = YES;
				CLANG_WARN_NON_LITERAL_NULL_CONVERSION = YES;
				CLANG_WARN_OBJC_IMPLICIT_RETAIN_SELF = YES;
				CLANG_WARN_OBJC_LITERAL_CONVERSION = YES;
				CLANG_WARN_OBJC_ROOT_CLASS = YES_ERROR;
				CLANG_WARN_QUOTED_INCLUDE_IN_FRAMEWORK_HEADER = YES;
				CLANG_WARN_RANGE_LOOP_ANALYSIS = YES;
				CLANG_WARN_STRICT_PROTOTYPES = YES;
				CLANG_WARN_SUSPICIOUS_MOVE = YES;
				CLANG_WARN_UNGUARDED_AVAILABILITY = YES_AGGRESSIVE;
				CLANG_WARN_UNREACHABLE_CODE = YES;
				CLANG_WARN__DUPLICATE_METHOD_MATCH = YES;
				COPY_PHASE_STRIP = NO;
				DEBUG_INFORMATION_FORMAT = dwarf;
				ENABLE_STRICT_OBJC_MSGSEND = YES;
				ENABLE_TESTABILITY = YES;
				GCC_C_LANGUAGE_STANDARD = gnu11;
				GCC_DYNAMIC_NO_PIC = NO;
				GCC_NO_COMMON_BLOCKS = YES;
				GCC_OPTIMIZATION_LEVEL = 0;
				GCC_PREPROCESSOR_DEFINITIONS = (
					"DEBUG=1",
					"$(inherited)",
				);
				GCC_WARN_64_TO_32_BIT_CONVERSION = YES;
				GCC_WARN_ABOUT_RETURN_TYPE = YES_ERROR;
				GCC_WARN_UNDECLARED_SELECTOR = YES;
				GCC_WARN_UNINITIALIZED_AUTOS = YES_AGGRESSIVE;
				GCC_WARN_UNUSED_FUNCTION = YES;
				GCC_WARN_UNUSED_VARIABLE = YES;
				IPHONEOS_DEPLOYMENT_TARGET = 16.0;
				MTL_ENABLE_DEBUG_INFO = INCLUDE_SOURCE;
				MTL_FAST_MATH = YES;
				ONLY_ACTIVE_ARCH = YES;
				SDKROOT = iphoneos;
				SWIFT_ACTIVE_COMPILATION_CONDITIONS = DEBUG;
				SWIFT_OPTIMIZATION_LEVEL = "-Onone";
			};
			name = Debug;
		};
		A1DE4E6728F07CF800F83809 /* Release */ = {
			isa = XCBuildConfiguration;
			buildSettings = {
				ALWAYS_SEARCH_USER_PATHS = NO;
				CLANG_ANALYZER_NONNULL = YES;
				CLANG_ANALYZER_NUMBER_OBJECT_CONVERSION = YES_AGGRESSIVE;
				CLANG_CXX_LANGUAGE_STANDARD = "gnu++20";
				CLANG_ENABLE_MODULES = YES;
				CLANG_ENABLE_OBJC_ARC = YES;
				CLANG_ENABLE_OBJC_WEAK = YES;
				CLANG_WARN_BLOCK_CAPTURE_AUTORELEASING = YES;
				CLANG_WARN_BOOL_CONVERSION = YES;
				CLANG_WARN_COMMA = YES;
				CLANG_WARN_CONSTANT_CONVERSION = YES;
				CLANG_WARN_DEPRECATED_OBJC_IMPLEMENTATIONS = YES;
				CLANG_WARN_DIRECT_OBJC_ISA_USAGE = YES_ERROR;
				CLANG_WARN_DOCUMENTATION_COMMENTS = YES;
				CLANG_WARN_EMPTY_BODY = YES;
				CLANG_WARN_ENUM_CONVERSION = YES;
				CLANG_WARN_INFINITE_RECURSION = YES;
				CLANG_WARN_INT_CONVERSION = YES;
				CLANG_WARN_NON_LITERAL_NULL_CONVERSION = YES;
				CLANG_WARN_OBJC_IMPLICIT_RETAIN_SELF = YES;
				CLANG_WARN_OBJC_LITERAL_CONVERSION = YES;
				CLANG_WARN_OBJC_ROOT_CLASS = YES_ERROR;
				CLANG_WARN_QUOTED_INCLUDE_IN_FRAMEWORK_HEADER = YES;
				CLANG_WARN_RANGE_LOOP_ANALYSIS = YES;
				CLANG_WARN_STRICT_PROTOTYPES = YES;
				CLANG_WARN_SUSPICIOUS_MOVE = YES;
				CLANG_WARN_UNGUARDED_AVAILABILITY = YES_AGGRESSIVE;
				CLANG_WARN_UNREACHABLE_CODE = YES;
				CLANG_WARN__DUPLICATE_METHOD_MATCH = YES;
				COPY_PHASE_STRIP = NO;
				DEBUG_INFORMATION_FORMAT = "dwarf-with-dsym";
				ENABLE_NS_ASSERTIONS = NO;
				ENABLE_STRICT_OBJC_MSGSEND = YES;
				GCC_C_LANGUAGE_STANDARD = gnu11;
				GCC_NO_COMMON_BLOCKS = YES;
				GCC_WARN_64_TO_32_BIT_CONVERSION = YES;
				GCC_WARN_ABOUT_RETURN_TYPE = YES_ERROR;
				GCC_WARN_UNDECLARED_SELECTOR = YES;
				GCC_WARN_UNINITIALIZED_AUTOS = YES_AGGRESSIVE;
				GCC_WARN_UNUSED_FUNCTION = YES;
				GCC_WARN_UNUSED_VARIABLE = YES;
				IPHONEOS_DEPLOYMENT_TARGET = 16.0;
				MTL_ENABLE_DEBUG_INFO = NO;
				MTL_FAST_MATH = YES;
				SDKROOT = iphoneos;
				SWIFT_COMPILATION_MODE = wholemodule;
				SWIFT_OPTIMIZATION_LEVEL = "-O";
				VALIDATE_PRODUCT = YES;
			};
			name = Release;
		};
		A1DE4E6928F07CF800F83809 /* Debug */ = {
			isa = XCBuildConfiguration;
			buildSettings = {
				ASSETCATALOG_COMPILER_APPICON_NAME = AppIcon;
				ASSETCATALOG_COMPILER_GLOBAL_ACCENT_COLOR_NAME = AccentColor;
				CODE_SIGN_STYLE = Automatic;
				CURRENT_PROJECT_VERSION = 1;
				DEVELOPMENT_TEAM = Q8AWJZAL95;
				GENERATE_INFOPLIST_FILE = YES;
				INFOPLIST_FILE = Babblr_Translator/Info.plist;
				INFOPLIST_KEY_UIApplicationSupportsIndirectInputEvents = YES;
				INFOPLIST_KEY_UILaunchStoryboardName = LaunchScreen;
				INFOPLIST_KEY_UISupportedInterfaceOrientations_iPad = "UIInterfaceOrientationPortrait UIInterfaceOrientationPortraitUpsideDown UIInterfaceOrientationLandscapeLeft UIInterfaceOrientationLandscapeRight";
				INFOPLIST_KEY_UISupportedInterfaceOrientations_iPhone = "UIInterfaceOrientationPortrait UIInterfaceOrientationLandscapeLeft UIInterfaceOrientationLandscapeRight";
				LD_RUNPATH_SEARCH_PATHS = (
					"$(inherited)",
					"@executable_path/Frameworks",
				);
				MARKETING_VERSION = 1.0;
				PRODUCT_BUNDLE_IDENTIFIER = "com.andypang1010.Babblr-Translator";
				PRODUCT_NAME = "$(TARGET_NAME)";
				SWIFT_EMIT_LOC_STRINGS = YES;
				SWIFT_VERSION = 5.0;
				TARGETED_DEVICE_FAMILY = "1,2";
			};
			name = Debug;
		};
		A1DE4E6A28F07CF800F83809 /* Release */ = {
			isa = XCBuildConfiguration;
			buildSettings = {
				ASSETCATALOG_COMPILER_APPICON_NAME = AppIcon;
				ASSETCATALOG_COMPILER_GLOBAL_ACCENT_COLOR_NAME = AccentColor;
				CODE_SIGN_STYLE = Automatic;
				CURRENT_PROJECT_VERSION = 1;
				DEVELOPMENT_TEAM = Q8AWJZAL95;
				GENERATE_INFOPLIST_FILE = YES;
				INFOPLIST_FILE = Babblr_Translator/Info.plist;
				INFOPLIST_KEY_UIApplicationSupportsIndirectInputEvents = YES;
				INFOPLIST_KEY_UILaunchStoryboardName = LaunchScreen;
				INFOPLIST_KEY_UISupportedInterfaceOrientations_iPad = "UIInterfaceOrientationPortrait UIInterfaceOrientationPortraitUpsideDown UIInterfaceOrientationLandscapeLeft UIInterfaceOrientationLandscapeRight";
				INFOPLIST_KEY_UISupportedInterfaceOrientations_iPhone = "UIInterfaceOrientationPortrait UIInterfaceOrientationLandscapeLeft UIInterfaceOrientationLandscapeRight";
				LD_RUNPATH_SEARCH_PATHS = (
					"$(inherited)",
					"@executable_path/Frameworks",
				);
				MARKETING_VERSION = 1.0;
				PRODUCT_BUNDLE_IDENTIFIER = "com.andypang1010.Babblr-Translator";
				PRODUCT_NAME = "$(TARGET_NAME)";
				SWIFT_EMIT_LOC_STRINGS = YES;
				SWIFT_VERSION = 5.0;
				TARGETED_DEVICE_FAMILY = "1,2";
			};
			name = Release;
		};
/* End XCBuildConfiguration section */

/* Begin XCConfigurationList section */
		A1DE4E4F28F07CF800F83809 /* Build configuration list for PBXProject "Babblr_Translator" */ = {
			isa = XCConfigurationList;
			buildConfigurations = (
				A1DE4E6628F07CF800F83809 /* Debug */,
				A1DE4E6728F07CF800F83809 /* Release */,
			);
			defaultConfigurationIsVisible = 0;
			defaultConfigurationName = Release;
		};
		A1DE4E6828F07CF800F83809 /* Build configuration list for PBXNativeTarget "Babblr_Translator" */ = {
			isa = XCConfigurationList;
			buildConfigurations = (
				A1DE4E6928F07CF800F83809 /* Debug */,
				A1DE4E6A28F07CF800F83809 /* Release */,
			);
			defaultConfigurationIsVisible = 0;
			defaultConfigurationName = Release;
		};
/* End XCConfigurationList section */
	};
	rootObject = A1DE4E4C28F07CF800F83809 /* Project object */;
}
